
Microsoft Visual Studio Solution File, Format Version 12.00
# Visual Studio Version 17
VisualStudioVersion = 17.0.31903.59
MinimumVisualStudioVersion = 10.0.40219.1
Project("{9A19103F-16F7-4668-BE54-9A1E7A4F7556}") = "AkkaSourceAsyncEnumerable.App", "src\AkkaSourceAsyncEnumerable.App\AkkaSourceAsyncEnumerable.App.csproj", "{7EB7F53A-9A94-48EB-A7D9-D7D93DE0CEB4}"
EndProject
Global
	GlobalSection(SolutionConfigurationPlatforms) = preSolution
		Debug|Any CPU = Debug|Any CPU
		Release|Any CPU = Release|Any CPU
	EndGlobalSection
	GlobalSection(ProjectConfigurationPlatforms) = postSolution
		{7EB7F53A-9A94-48EB-A7D9-D7D93DE0CEB4}.Debug|Any CPU.ActiveCfg = Debug|Any CPU
		{7EB7F53A-9A94-48EB-A7D9-D7D93DE0CEB4}.Debug|Any CPU.Build.0 = Debug|Any CPU
		{7EB7F53A-9A94-48EB-A7D9-D7D93DE0CEB4}.Release|Any CPU.ActiveCfg = Release|Any CPU
		{7EB7F53A-9A94-48EB-A7D9-D7D93DE0CEB4}.Release|Any CPU.Build.0 = Release|Any CPU
	EndGlobalSection
	GlobalSection(SolutionProperties) = preSolution
		HideSolutionNode = FALSE
	EndGlobalSection
	GlobalSection(ExtensibilityGlobals) = postSolution
		SolutionGuid = {F79434F7-7ADA-44EF-A688-C4ACBD036458}
	EndGlobalSection
EndGlobal
